Microsoft Visual Studio Solution File, Format Version 12.00
# Visual Studio 15
VisualStudioVersion = 15.0.26730.3
MinimumVisualStudioVersion = 10.0.40219.1
Project("{FAE04EC0-301F-11D3-BF4B-00C04F79EFBC}") = "Odin", "Odin\Odin.csproj", "{003E6885-6839-46E6-9E1F-CC8EBFE57EFB}"
EndProject
Project("{FAE04EC0-301F-11D3-BF4B-00C04F79EFBC}") = "Odin.Data", "Odin.Data\Odin.Data.csproj", "{0D2C0B84-DAFF-4F5C-97D9-1C3BC5871B4C}"
EndProject
Project("{FAE04EC0-301F-11D3-BF4B-00C04F79EFBC}") = "Odin.Tests", "Odin.Tests\Odin.Tests.csproj", "{16DF4B51-F65F-4FDF-8ABC-6E5844BDE941}"
EndProject
Project("{FAE04EC0-301F-11D3-BF4B-00C04F79EFBC}") = "Odin.Data.Tests", "Odin.Data.Tests\Odin.Data.Tests.csproj", "{616FB184-2417-47B2-BBCD-25C90AFF9F3F}"
EndProject
Project("{FAE04EC0-301F-11D3-BF4B-00C04F79EFBC}") = "Odin.UITests", "Odin.UITests\Odin.UITests.csproj", "{D52CFFD5-566F-4C78-B286-11FFA67502CE}"
EndProject
Global
	GlobalSection(SolutionConfigurationPlatforms) = preSolution
		Azure|Any CPU = Azure|Any CPU
		Debug|Any CPU = Debug|Any CPU
		Release|Any CPU = Release|Any CPU
		Staging|Any CPU = Staging|Any CPU
	EndGlobalSection
	GlobalSection(ProjectConfigurationPlatforms) = postSolution
		{003E6885-6839-46E6-9E1F-CC8EBFE57EFB}.Azure|Any CPU.ActiveCfg = Azure|Any CPU
		{003E6885-6839-46E6-9E1F-CC8EBFE57EFB}.Azure|Any CPU.Build.0 = Azure|Any CPU
		{003E6885-6839-46E6-9E1F-CC8EBFE57EFB}.Debug|Any CPU.ActiveCfg = Debug|Any CPU
		{003E6885-6839-46E6-9E1F-CC8EBFE57EFB}.Debug|Any CPU.Build.0 = Debug|Any CPU
		{003E6885-6839-46E6-9E1F-CC8EBFE57EFB}.Release|Any CPU.ActiveCfg = Release|Any CPU
		{003E6885-6839-46E6-9E1F-CC8EBFE57EFB}.Release|Any CPU.Build.0 = Release|Any CPU
		{003E6885-6839-46E6-9E1F-CC8EBFE57EFB}.Staging|Any CPU.ActiveCfg = Staging|Any CPU
		{003E6885-6839-46E6-9E1F-CC8EBFE57EFB}.Staging|Any CPU.Build.0 = Staging|Any CPU
		{0D2C0B84-DAFF-4F5C-97D9-1C3BC5871B4C}.Azure|Any CPU.ActiveCfg = Azure|Any CPU
		{0D2C0B84-DAFF-4F5C-97D9-1C3BC5871B4C}.Azure|Any CPU.Build.0 = Azure|Any CPU
		{0D2C0B84-DAFF-4F5C-97D9-1C3BC5871B4C}.Debug|Any CPU.ActiveCfg = Debug|Any CPU
		{0D2C0B84-DAFF-4F5C-97D9-1C3BC5871B4C}.Debug|Any CPU.Build.0 = Debug|Any CPU
		{0D2C0B84-DAFF-4F5C-97D9-1C3BC5871B4C}.Release|Any CPU.ActiveCfg = Release|Any CPU
		{0D2C0B84-DAFF-4F5C-97D9-1C3BC5871B4C}.Release|Any CPU.Build.0 = Release|Any CPU
		{0D2C0B84-DAFF-4F5C-97D9-1C3BC5871B4C}.Staging|Any CPU.ActiveCfg = Staging|Any CPU
		{0D2C0B84-DAFF-4F5C-97D9-1C3BC5871B4C}.Staging|Any CPU.Build.0 = Staging|Any CPU
		{16DF4B51-F65F-4FDF-8ABC-6E5844BDE941}.Azure|Any CPU.ActiveCfg = Azure|Any CPU
		{16DF4B51-F65F-4FDF-8ABC-6E5844BDE941}.Azure|Any CPU.Build.0 = Azure|Any CPU
		{16DF4B51-F65F-4FDF-8ABC-6E5844BDE941}.Debug|Any CPU.ActiveCfg = Debug|Any CPU
		{16DF4B51-F65F-4FDF-8ABC-6E5844BDE941}.Debug|Any CPU.Build.0 = Debug|Any CPU
		{16DF4B51-F65F-4FDF-8ABC-6E5844BDE941}.Release|Any CPU.ActiveCfg = Release|Any CPU
		{16DF4B51-F65F-4FDF-8ABC-6E5844BDE941}.Release|Any CPU.Build.0 = Release|Any CPU
		{16DF4B51-F65F-4FDF-8ABC-6E5844BDE941}.Staging|Any CPU.ActiveCfg = Staging|Any CPU
		{16DF4B51-F65F-4FDF-8ABC-6E5844BDE941}.Staging|Any CPU.Build.0 = Staging|Any CPU
		{616FB184-2417-47B2-BBCD-25C90AFF9F3F}.Azure|Any CPU.ActiveCfg = Azure|Any CPU
		{616FB184-2417-47B2-BBCD-25C90AFF9F3F}.Azure|Any CPU.Build.0 = Azure|Any CPU
		{616FB184-2417-47B2-BBCD-25C90AFF9F3F}.Debug|Any CPU.ActiveCfg = Debug|Any CPU
		{616FB184-2417-47B2-BBCD-25C90AFF9F3F}.Debug|Any CPU.Build.0 = Debug|Any CPU
		{616FB184-2417-47B2-BBCD-25C90AFF9F3F}.Release|Any CPU.ActiveCfg = Release|Any CPU
		{616FB184-2417-47B2-BBCD-25C90AFF9F3F}.Release|Any CPU.Build.0 = Release|Any CPU
		{616FB184-2417-47B2-BBCD-25C90AFF9F3F}.Staging|Any CPU.ActiveCfg = Staging|Any CPU
		{616FB184-2417-47B2-BBCD-25C90AFF9F3F}.Staging|Any CPU.Build.0 = Staging|Any CPU
		{D52CFFD5-566F-4C78-B286-11FFA67502CE}.Azure|Any CPU.ActiveCfg = Release|Any CPU
		{D52CFFD5-566F-4C78-B286-11FFA67502CE}.Azure|Any CPU.Build.0 = Release|Any CPU
		{D52CFFD5-566F-4C78-B286-11FFA67502CE}.Debug|Any CPU.ActiveCfg = Debug|Any CPU
		{D52CFFD5-566F-4C78-B286-11FFA67502CE}.Debug|Any CPU.Build.0 = Debug|Any CPU
		{D52CFFD5-566F-4C78-B286-11FFA67502CE}.Release|Any CPU.ActiveCfg = Release|Any CPU
		{D52CFFD5-566F-4C78-B286-11FFA67502CE}.Release|Any CPU.Build.0 = Release|Any CPU
		{D52CFFD5-566F-4C78-B286-11FFA67502CE}.Staging|Any CPU.ActiveCfg = Release|Any CPU
		{D52CFFD5-566F-4C78-B286-11FFA67502CE}.Staging|Any CPU.Build.0 = Release|Any CPU
	EndGlobalSection
	GlobalSection(SolutionProperties) = preSolution
		HideSolutionNode = FALSE
	EndGlobalSection
	GlobalSection(ExtensibilityGlobals) = postSolution
		SolutionGuid = {D2E3E291-E5BF-4A3B-AEE9-1560054CB06F}
	EndGlobalSection
EndGlobal
